
Microsoft Visual Studio Solution File, Format Version 12.00
# Visual Studio Version 16
VisualStudioVersion = 16.0.29318.209
MinimumVisualStudioVersion = 10.0.40219.1
Project("{FAE04EC0-301F-11D3-BF4B-00C04F79EFBC}") = "dotnetcore31web", "dotnetcore31web.csproj", "{4BFEC24C-0C72-4490-A4A3-29F9891448B6}"
EndProject
Global
	GlobalSection(SolutionConfigurationPlatforms) = preSolution
		Debug|Any CPU = Debug|Any CPU
		Release|Any CPU = Release|Any CPU
	EndGlobalSection
	GlobalSection(ProjectConfigurationPlatforms) = postSolution
		{4BFEC24C-0C72-4490-A4A3-29F9891448B6}.Debug|Any CPU.ActiveCfg = Debug|Any CPU
		{4BFEC24C-0C72-4490-A4A3-29F9891448B6}.Debug|Any CPU.Build.0 = Debug|Any CPU
		{4BFEC24C-0C72-4490-A4A3-29F9891448B6}.Release|Any CPU.ActiveCfg = Release|Any CPU
		{4BFEC24C-0C72-4490-A4A3-29F9891448B6}.Release|Any CPU.Build.0 = Release|Any CPU
	EndGlobalSection
	GlobalSection(SolutionProperties) = preSolution
		HideSolutionNode = FALSE
	EndGlobalSection
	GlobalSection(ExtensibilityGlobals) = postSolution
		SolutionGuid = {828E14EE-D4D0-4179-85FD-7DD0BE34A443}
	EndGlobalSection
EndGlobal
